// !$*UTF8*$!
{
	archiveVersion = 1;
	classes = {
	};
	objectVersion = 56;
	objects = {

/* Begin PBXBuildFile section */
		E36F8CF72AB117B500AB8717 /* AppDelegate.swift in Sources */ = {isa = PBXBuildFile; fileRef = E36F8CF62AB117B500AB8717 /* AppDelegate.swift */; };
		E36F8CF92AB117B500AB8717 /* SceneDelegate.swift in Sources */ = {isa = PBXBuildFile; fileRef = E36F8CF82AB117B500AB8717 /* SceneDelegate.swift */; };
		E36F8CFB2AB117B500AB8717 /* ViewController.swift in Sources */ = {isa = PBXBuildFile; fileRef = E36F8CFA2AB117B500AB8717 /* ViewController.swift */; };
		E36F8CFE2AB117B500AB8717 /* Main.storyboard in Resources */ = {isa = PBXBuildFile; fileRef = E36F8CFC2AB117B500AB8717 /* Main.storyboard */; };
		E36F8D002AB117B600AB8717 /* Assets.xcassets in Resources */ = {isa = PBXBuildFile; fileRef = E36F8CFF2AB117B600AB8717 /* Assets.xcassets */; };
		E36F8D032AB117B600AB8717 /* LaunchScreen.storyboard in Resources */ = {isa = PBXBuildFile; fileRef = E36F8D012AB117B600AB8717 /* LaunchScreen.storyboard */; };
		E36F8D0E2AB117B600AB8717 /* Hackwich_2_NEWTests.swift in Sources */ = {isa = PBXBuildFile; fileRef = E36F8D0D2AB117B600AB8717 /* Hackwich_2_NEWTests.swift */; };
		E36F8D182AB117B600AB8717 /* Hackwich_2_NEWUITests.swift in Sources */ = {isa = PBXBuildFile; fileRef = E36F8D172AB117B600AB8717 /* Hackwich_2_NEWUITests.swift */; };
		E36F8D1A2AB117B600AB8717 /* Hackwich_2_NEWUITestsLaunchTests.swift in Sources */ = {isa = PBXBuildFile; fileRef = E36F8D192AB117B600AB8717 /* Hackwich_2_NEWUITestsLaunchTests.swift */; };
		E386EEE62AB19A4C00DF06A1 /* secondViewController.swift in Sources */ = {isa = PBXBuildFile; fileRef = E386EEE52AB19A4C00DF06A1 /* secondViewController.swift */; };
/* End PBXBuildFile section */

/* Begin PBXContainerItemProxy section */
		E36F8D0A2AB117B600AB8717 /* PBXContainerItemProxy */ = {
			isa = PBXContainerItemProxy;
			containerPortal = E36F8CEB2AB117B500AB8717 /* Project object */;
			proxyType = 1;
			remoteGlobalIDString = E36F8CF22AB117B500AB8717;
			remoteInfo = Hackwich_2_NEW;
		};
		E36F8D142AB117B600AB8717 /* PBXContainerItemProxy */ = {
			isa = PBXContainerItemProxy;
			containerPortal = E36F8CEB2AB117B500AB8717 /* Project object */;
			proxyType = 1;
			remoteGlobalIDString = E36F8CF22AB117B500AB8717;
			remoteInfo = Hackwich_2_NEW;
		};
/* End PBXContainerItemProxy section */

/* Begin PBXFileReference section */
		E36F8CF32AB117B500AB8717 /* Hackwich_2_NEW.app */ = {isa = PBXFileReference; explicitFileType = wrapper.application; includeInIndex = 0; path = Hackwich_2_NEW.app; sourceTree = BUILT_PRODUCTS_DIR; };
		E36F8CF62AB117B500AB8717 /* AppDelegate.swift */ = {isa = PBXFileReference; lastKnownFileType = sourcecode.swift; path = AppDelegate.swift; sourceTree = "<group>"; };
		E36F8CF82AB117B500AB8717 /* SceneDelegate.swift */ = {isa = PBXFileReference; lastKnownFileType = sourcecode.swift; path = SceneDelegate.swift; sourceTree = "<group>"; };
		E36F8CFA2AB117B500AB8717 /* ViewController.swift */ = {isa = PBXFileReference; lastKnownFileType = sourcecode.swift; path = ViewController.swift; sourceTree = "<group>"; };
		E36F8CFD2AB117B500AB8717 /* Base */ = {isa = PBXFileReference; lastKnownFileType = file.storyboard; name = Base; path = Base.lproj/Main.storyboard; sourceTree = "<group>"; };
		E36F8CFF2AB117B600AB8717 /* Assets.xcassets */ = {isa = PBXFileReference; lastKnownFileType = folder.assetcatalog; path = Assets.xcassets; sourceTree = "<group>"; };
		E36F8D022AB117B600AB8717 /* Base */ = {isa = PBXFileReference; lastKnownFileType = file.storyboard; name = Base; path = Base.lproj/LaunchScreen.storyboard; sourceTree = "<group>"; };
		E36F8D042AB117B600AB8717 /* Info.plist */ = {isa = PBXFileReference; lastKnownFileType = text.plist.xml; path = Info.plist; sourceTree = "<group>"; };
		E36F8D092AB117B600AB8717 /* Hackwich_2_NEWTests.xctest */ = {isa = PBXFileReference; explicitFileType = wrapper.cfbundle; includeInIndex = 0; path = Hackwich_2_NEWTests.xctest; sourceTree = BUILT_PRODUCTS_DIR; };
		E36F8D0D2AB117B600AB8717 /* Hackwich_2_NEWTests.swift */ = {isa = PBXFileReference; lastKnownFileType = sourcecode.swift; path = Hackwich_2_NEWTests.swift; sourceTree = "<group>"; };
		E36F8D132AB117B600AB8717 /* Hackwich_2_NEWUITests.xctest */ = {isa = PBXFileReference; explicitFileType = wrapper.cfbundle; includeInIndex = 0; path = Hackwich_2_NEWUITests.xctest; sourceTree = BUILT_PRODUCTS_DIR; };
		E36F8D172AB117B600AB8717 /* Hackwich_2_NEWUITests.swift */ = {isa = PBXFileReference; lastKnownFileType = sourcecode.swift; path = Hackwich_2_NEWUITests.swift; sourceTree = "<group>"; };
		E36F8D192AB117B600AB8717 /* Hackwich_2_NEWUITestsLaunchTests.swift */ = {isa = PBXFileReference; lastKnownFileType = sourcecode.swift; path = Hackwich_2_NEWUITestsLaunchTests.swift; sourceTree = "<group>"; };
		E386EEE52AB19A4C00DF06A1 /* secondViewController.swift */ = {isa = PBXFileReference; lastKnownFileType = sourcecode.swift; path = secondViewController.swift; sourceTree = "<group>"; };
/* End PBXFileReference section */

/* Begin PBXFrameworksBuildPhase section */
		E36F8CF02AB117B500AB8717 /* Frameworks */ = {
			isa = PBXFrameworksBuildPhase;
			buildActionMask = 2147483647;
			files = (
			);
			runOnlyForDeploymentPostprocessing = 0;
		};
		E36F8D062AB117B600AB8717 /* Frameworks */ = {
			isa = PBXFrameworksBuildPhase;
			buildActionMask = 2147483647;
			files = (
			);
			runOnlyForDeploymentPostprocessing = 0;
		};
		E36F8D102AB117B600AB8717 /* Frameworks */ = {
			isa = PBXFrameworksBuildPhase;
			buildActionMask = 2147483647;
			files = (
			);
			runOnlyForDeploymentPostprocessing = 0;
		};
/* End PBXFrameworksBuildPhase section */

/* Begin PBXGroup section */
		E36F8CEA2AB117B500AB8717 = {
			isa = PBXGroup;
			children = (
				E36F8CF52AB117B500AB8717 /* Hackwich_2_NEW */,
				E36F8D0C2AB117B600AB8717 /* Hackwich_2_NEWTests */,
				E36F8D162AB117B600AB8717 /* Hackwich_2_NEWUITests */,
				E36F8CF42AB117B500AB8717 /* Products */,
			);
			sourceTree = "<group>";
		};
		E36F8CF42AB117B500AB8717 /* Products */ = {
			isa = PBXGroup;
			children = (
				E36F8CF32AB117B500AB8717 /* Hackwich_2_NEW.app */,
				E36F8D092AB117B600AB8717 /* Hackwich_2_NEWTests.xctest */,
				E36F8D132AB117B600AB8717 /* Hackwich_2_NEWUITests.xctest */,
			);
			name = Products;
			sourceTree = "<group>";
		};
		E36F8CF52AB117B500AB8717 /* Hackwich_2_NEW */ = {
			isa = PBXGroup;
			children = (
				E36F8CF62AB117B500AB8717 /* AppDelegate.swift */,
				E36F8CF82AB117B500AB8717 /* SceneDelegate.swift */,
				E36F8CFA2AB117B500AB8717 /* ViewController.swift */,
				E36F8CFC2AB117B500AB8717 /* Main.storyboard */,
				E386EEE52AB19A4C00DF06A1 /* secondViewController.swift */,
				E36F8CFF2AB117B600AB8717 /* Assets.xcassets */,
				E36F8D012AB117B600AB8717 /* LaunchScreen.storyboard */,
				E36F8D042AB117B600AB8717 /* Info.plist */,
			);
			path = Hackwich_2_NEW;
			sourceTree = "<group>";
		};
		E36F8D0C2AB117B600AB8717 /* Hackwich_2_NEWTests */ = {
			isa = PBXGroup;
			children = (
				E36F8D0D2AB117B600AB8717 /* Hackwich_2_NEWTests.swift */,
			);
			path = Hackwich_2_NEWTests;
			sourceTree = "<group>";
		};
		E36F8D162AB117B600AB8717 /* Hackwich_2_NEWUITests */ = {
			isa = PBXGroup;
			children = (
				E36F8D172AB117B600AB8717 /* Hackwich_2_NEWUITests.swift */,
				E36F8D192AB117B600AB8717 /* Hackwich_2_NEWUITestsLaunchTests.swift */,
			);
			path = Hackwich_2_NEWUITests;
			sourceTree = "<group>";
		};
/* End PBXGroup section */

/* Begin PBXNativeTarget section */
		E36F8CF22AB117B500AB8717 /* Hackwich_2_NEW */ = {
			isa = PBXNativeTarget;
			buildConfigurationList = E36F8D1D2AB117B600AB8717 /* Build configuration list for PBXNativeTarget "Hackwich_2_NEW" */;
			buildPhases = (
				E36F8CEF2AB117B500AB8717 /* Sources */,
				E36F8CF02AB117B500AB8717 /* Frameworks */,
				E36F8CF12AB117B500AB8717 /* Resources */,
			);
			buildRules = (
			);
			dependencies = (
			);
			name = Hackwich_2_NEW;
			productName = Hackwich_2_NEW;
			productReference = E36F8CF32AB117B500AB8717 /* Hackwich_2_NEW.app */;
			productType = "com.apple.product-type.application";
		};
		E36F8D082AB117B600AB8717 /* Hackwich_2_NEWTests */ = {
			isa = PBXNativeTarget;
			buildConfigurationList = E36F8D202AB117B600AB8717 /* Build configuration list for PBXNativeTarget "Hackwich_2_NEWTests" */;
			buildPhases = (
				E36F8D052AB117B600AB8717 /* Sources */,
				E36F8D062AB117B600AB8717 /* Frameworks */,
				E36F8D072AB117B600AB8717 /* Resources */,
			);
			buildRules = (
			);
			dependencies = (
				E36F8D0B2AB117B600AB8717 /* PBXTargetDependency */,
			);
			name = Hackwich_2_NEWTests;
			productName = Hackwich_2_NEWTests;
			productReference = E36F8D092AB117B600AB8717 /* Hackwich_2_NEWTests.xctest */;
			productType = "com.apple.product-type.bundle.unit-test";
		};
		E36F8D122AB117B600AB8717 /* Hackwich_2_NEWUITests */ = {
			isa = PBXNativeTarget;
			buildConfigurationList = E36F8D232AB117B600AB8717 /* Build configuration list for PBXNativeTarget "Hackwich_2_NEWUITests" */;
			buildPhases = (
				E36F8D0F2AB117B600AB8717 /* Sources */,
				E36F8D102AB117B600AB8717 /* Frameworks */,
				E36F8D112AB117B600AB8717 /* Resources */,
			);
			buildRules = (
			);
			dependencies = (
				E36F8D152AB117B600AB8717 /* PBXTargetDependency */,
			);
			name = Hackwich_2_NEWUITests;
			productName = Hackwich_2_NEWUITests;
			productReference = E36F8D132AB117B600AB8717 /* Hackwich_2_NEWUITests.xctest */;
			productType = "com.apple.product-type.bundle.ui-testing";
		};
/* End PBXNativeTarget section */

/* Begin PBXProject section */
		E36F8CEB2AB117B500AB8717 /* Project object */ = {
			isa = PBXProject;
			attributes = {
				BuildIndependentTargetsInParallel = 1;
				LastSwiftUpdateCheck = 1430;
				LastUpgradeCheck = 1430;
				TargetAttributes = {
					E36F8CF22AB117B500AB8717 = {
						CreatedOnToolsVersion = 14.3.1;
					};
					E36F8D082AB117B600AB8717 = {
						CreatedOnToolsVersion = 14.3.1;
						TestTargetID = E36F8CF22AB117B500AB8717;
					};
					E36F8D122AB117B600AB8717 = {
						CreatedOnToolsVersion = 14.3.1;
						TestTargetID = E36F8CF22AB117B500AB8717;
					};
				};
			};
			buildConfigurationList = E36F8CEE2AB117B500AB8717 /* Build configuration list for PBXProject "Hackwich_2_NEW" */;
			compatibilityVersion = "Xcode 14.0";
			developmentRegion = en;
			hasScannedForEncodings = 0;
			knownRegions = (
				en,
				Base,
			);
			mainGroup = E36F8CEA2AB117B500AB8717;
			productRefGroup = E36F8CF42AB117B500AB8717 /* Products */;
			projectDirPath = "";
			projectRoot = "";
			targets = (
				E36F8CF22AB117B500AB8717 /* Hackwich_2_NEW */,
				E36F8D082AB117B600AB8717 /* Hackwich_2_NEWTests */,
				E36F8D122AB117B600AB8717 /* Hackwich_2_NEWUITests */,
			);
		};
/* End PBXProject section */

/* Begin PBXResourcesBuildPhase section */
		E36F8CF12AB117B500AB8717 /* Resources */ = {
			isa = PBXResourcesBuildPhase;
			buildActionMask = 2147483647;
			files = (
				E36F8D032AB117B600AB8717 /* LaunchScreen.storyboard in Resources */,
				E36F8D002AB117B600AB8717 /* Assets.xcassets in Resources */,
				E36F8CFE2AB117B500AB8717 /* Main.storyboard in Resources */,
			);
			runOnlyForDeploymentPostprocessing = 0;
		};
		E36F8D072AB117B600AB8717 /* Resources */ = {
			isa = PBXResourcesBuildPhase;
			buildActionMask = 2147483647;
			files = (
			);
			runOnlyForDeploymentPostprocessing = 0;
		};
		E36F8D112AB117B600AB8717 /* Resources */ = {
			isa = PBXResourcesBuildPhase;
			buildActionMask = 2147483647;
			files = (
			);
			runOnlyForDeploymentPostprocessing = 0;
		};
/* End PBXResourcesBuildPhase section */

/* Begin PBXSourcesBuildPhase section */
		E36F8CEF2AB117B500AB8717 /* Sources */ = {
			isa = PBXSourcesBuildPhase;
			buildActionMask = 2147483647;
			files = (
				E386EEE62AB19A4C00DF06A1 /* secondViewController.swift in Sources */,
				E36F8CFB2AB117B500AB8717 /* ViewController.swift in Sources */,
				E36F8CF72AB117B500AB8717 /* AppDelegate.swift in Sources */,
				E36F8CF92AB117B500AB8717 /* SceneDelegate.swift in Sources */,
			);
			runOnlyForDeploymentPostprocessing = 0;
		};
		E36F8D052AB117B600AB8717 /* Sources */ = {
			isa = PBXSourcesBuildPhase;
			buildActionMask = 2147483647;
			files = (
				E36F8D0E2AB117B600AB8717 /* Hackwich_2_NEWTests.swift in Sources */,
			);
			runOnlyForDeploymentPostprocessing = 0;
		};
		E36F8D0F2AB117B600AB8717 /* Sources */ = {
			isa = PBXSourcesBuildPhase;
			buildActionMask = 2147483647;
			files = (
				E36F8D1A2AB117B600AB8717 /* Hackwich_2_NEWUITestsLaunchTests.swift in Sources */,
				E36F8D182AB117B600AB8717 /* Hackwich_2_NEWUITests.swift in Sources */,
			);
			runOnlyForDeploymentPostprocessing = 0;
		};
/* End PBXSourcesBuildPhase section */

/* Begin PBXTargetDependency section */
		E36F8D0B2AB117B600AB8717 /* PBXTargetDependency */ = {
			isa = PBXTargetDependency;
			target = E36F8CF22AB117B500AB8717 /* Hackwich_2_NEW */;
			targetProxy = E36F8D0A2AB117B600AB8717 /* PBXContainerItemProxy */;
		};
		E36F8D152AB117B600AB8717 /* PBXTargetDependency */ = {
			isa = PBXTargetDependency;
			target = E36F8CF22AB117B500AB8717 /* Hackwich_2_NEW */;
			targetProxy = E36F8D142AB117B600AB8717 /* PBXContainerItemProxy */;
		};
/* End PBXTargetDependency section */

/* Begin PBXVariantGroup section */
		E36F8CFC2AB117B500AB8717 /* Main.storyboard */ = {
			isa = PBXVariantGroup;
			children = (
				E36F8CFD2AB117B500AB8717 /* Base */,
			);
			name = Main.storyboard;
			sourceTree = "<group>";
		};
		E36F8D012AB117B600AB8717 /* LaunchScreen.storyboard */ = {
			isa = PBXVariantGroup;
			children = (
				E36F8D022AB117B600AB8717 /* Base */,
			);
			name = LaunchScreen.storyboard;
			sourceTree = "<group>";
		};
/* End PBXVariantGroup section */

/* Begin XCBuildConfiguration section */
		E36F8D1B2AB117B600AB8717 /* Debug */ = {
			isa = XCBuildConfiguration;
			buildSettings = {
				ALWAYS_SEARCH_USER_PATHS = NO;
				CLANG_ANALYZER_NONNULL = YES;
				CLANG_ANALYZER_NUMBER_OBJECT_CONVERSION = YES_AGGRESSIVE;
				CLANG_CXX_LANGUAGE_STANDARD = "gnu++20";
				CLANG_ENABLE_MODULES = YES;
				CLANG_ENABLE_OBJC_ARC = YES;
				CLANG_ENABLE_OBJC_WEAK = YES;
				CLANG_WARN_BLOCK_CAPTURE_AUTORELEASING = YES;
				CLANG_WARN_BOOL_CONVERSION = YES;
				CLANG_WARN_COMMA = YES;
				CLANG_WARN_CONSTANT_CONVERSION = YES;
				CLANG_WARN_DEPRECATED_OBJC_IMPLEMENTATIONS = YES;
				CLANG_WARN_DIRECT_OBJC_ISA_USAGE = YES_ERROR;
				CLANG_WARN_DOCUMENTATION_COMMENTS = YES;
				CLANG_WARN_EMPTY_BODY = YES;
				CLANG_WARN_ENUM_CONVERSION = YES;
				CLANG_WARN_INFINITE_RECURSION = YES;
				CLANG_WARN_INT_CONVERSION = YES;
				CLANG_WARN_NON_LITERAL_NULL_CONVERSION = YES;
				CLANG_WARN_OBJC_IMPLICIT_RETAIN_SELF = YES;
				CLANG_WARN_OBJC_LITERAL_CONVERSION = YES;
				CLANG_WARN_OBJC_ROOT_CLASS = YES_ERROR;
				CLANG_WARN_QUOTED_INCLUDE_IN_FRAMEWORK_HEADER = YES;
				CLANG_WARN_RANGE_LOOP_ANALYSIS = YES;
				CLANG_WARN_STRICT_PROTOTYPES = YES;
				CLANG_WARN_SUSPICIOUS_MOVE = YES;
				CLANG_WARN_UNGUARDED_AVAILABILITY = YES_AGGRESSIVE;
				CLANG_WARN_UNREACHABLE_CODE = YES;
				CLANG_WARN__DUPLICATE_METHOD_MATCH = YES;
				COPY_PHASE_STRIP = NO;
				DEBUG_INFORMATION_FORMAT = dwarf;
				ENABLE_STRICT_OBJC_MSGSEND = YES;
				ENABLE_TESTABILITY = YES;
				GCC_C_LANGUAGE_STANDARD = gnu11;
				GCC_DYNAMIC_NO_PIC = NO;
				GCC_NO_COMMON_BLOCKS = YES;
				GCC_OPTIMIZATION_LEVEL = 0;
				GCC_PREPROCESSOR_DEFINITIONS = (
					"DEBUG=1",
					"$(inherited)",
				);
				GCC_WARN_64_TO_32_BIT_CONVERSION = YES;
				GCC_WARN_ABOUT_RETURN_TYPE = YES_ERROR;
				GCC_WARN_UNDECLARED_SELECTOR = YES;
				GCC_WARN_UNINITIALIZED_AUTOS = YES_AGGRESSIVE;
				GCC_WARN_UNUSED_FUNCTION = YES;
				GCC_WARN_UNUSED_VARIABLE = YES;
				IPHONEOS_DEPLOYMENT_TARGET = 16.4;
				MTL_ENABLE_DEBUG_INFO = INCLUDE_SOURCE;
				MTL_FAST_MATH = YES;
				ONLY_ACTIVE_ARCH = YES;
				SDKROOT = iphoneos;
				SWIFT_ACTIVE_COMPILATION_CONDITIONS = DEBUG;
				SWIFT_OPTIMIZATION_LEVEL = "-Onone";
			};
			name = Debug;
		};
		E36F8D1C2AB117B600AB8717 /* Release */ = {
			isa = XCBuildConfiguration;
			buildSettings = {
				ALWAYS_SEARCH_USER_PATHS = NO;
				CLANG_ANALYZER_NONNULL = YES;
				CLANG_ANALYZER_NUMBER_OBJECT_CONVERSION = YES_AGGRESSIVE;
				CLANG_CXX_LANGUAGE_STANDARD = "gnu++20";
				CLANG_ENABLE_MODULES = YES;
				CLANG_ENABLE_OBJC_ARC = YES;
				CLANG_ENABLE_OBJC_WEAK = YES;
				CLANG_WARN_BLOCK_CAPTURE_AUTORELEASING = YES;
				CLANG_WARN_BOOL_CONVERSION = YES;
				CLANG_WARN_COMMA = YES;
				CLANG_WARN_CONSTANT_CONVERSION = YES;
				CLANG_WARN_DEPRECATED_OBJC_IMPLEMENTATIONS = YES;
				CLANG_WARN_DIRECT_OBJC_ISA_USAGE = YES_ERROR;
				CLANG_WARN_DOCUMENTATION_COMMENTS = YES;
				CLANG_WARN_EMPTY_BODY = YES;
				CLANG_WARN_ENUM_CONVERSION = YES;
				CLANG_WARN_INFINITE_RECURSION = YES;
				CLANG_WARN_INT_CONVERSION = YES;
				CLANG_WARN_NON_LITERAL_NULL_CONVERSION = YES;
				CLANG_WARN_OBJC_IMPLICIT_RETAIN_SELF = YES;
				CLANG_WARN_OBJC_LITERAL_CONVERSION = YES;
				CLANG_WARN_OBJC_ROOT_CLASS = YES_ERROR;
				CLANG_WARN_QUOTED_INCLUDE_IN_FRAMEWORK_HEADER = YES;
				CLANG_WARN_RANGE_LOOP_ANALYSIS = YES;
				CLANG_WARN_STRICT_PROTOTYPES = YES;
				CLANG_WARN_SUSPICIOUS_MOVE = YES;
				CLANG_WARN_UNGUARDED_AVAILABILITY = YES_AGGRESSIVE;
				CLANG_WARN_UNREACHABLE_CODE = YES;
				CLANG_WARN__DUPLICATE_METHOD_MATCH = YES;
				COPY_PHASE_STRIP = NO;
				DEBUG_INFORMATION_FORMAT = "dwarf-with-dsym";
				ENABLE_NS_ASSERTIONS = NO;
				ENABLE_STRICT_OBJC_MSGSEND = YES;
				GCC_C_LANGUAGE_STANDARD = gnu11;
				GCC_NO_COMMON_BLOCKS = YES;
				GCC_WARN_64_TO_32_BIT_CONVERSION = YES;
				GCC_WARN_ABOUT_RETURN_TYPE = YES_ERROR;
				GCC_WARN_UNDECLARED_SELECTOR = YES;
				GCC_WARN_UNINITIALIZED_AUTOS = YES_AGGRESSIVE;
				GCC_WARN_UNUSED_FUNCTION = YES;
				GCC_WARN_UNUSED_VARIABLE = YES;
				IPHONEOS_DEPLOYMENT_TARGET = 16.4;
				MTL_ENABLE_DEBUG_INFO = NO;
				MTL_FAST_MATH = YES;
				SDKROOT = iphoneos;
				SWIFT_COMPILATION_MODE = wholemodule;
				SWIFT_OPTIMIZATION_LEVEL = "-O";
				VALIDATE_PRODUCT = YES;
			};
			name = Release;
		};
		E36F8D1E2AB117B600AB8717 /* Debug */ = {
			isa = XCBuildConfiguration;
			buildSettings = {
				ASSETCATALOG_COMPILER_APPICON_NAME = AppIcon;
				ASSETCATALOG_COMPILER_GLOBAL_ACCENT_COLOR_NAME = AccentColor;
				CODE_SIGN_STYLE = Automatic;
				CURRENT_PROJECT_VERSION = 1;
				DEVELOPMENT_TEAM = LUY79997TA;
				GENERATE_INFOPLIST_FILE = YES;
				INFOPLIST_FILE = Hackwich_2_NEW/Info.plist;
				INFOPLIST_KEY_UIApplicationSupportsIndirectInputEvents = YES;
				INFOPLIST_KEY_UILaunchStoryboardName = LaunchScreen;
				INFOPLIST_KEY_UIMainStoryboardFile = Main;
				INFOPLIST_KEY_UISupportedInterfaceOrientations_iPad = "UIInterfaceOrientationPortrait UIInterfaceOrientationPortraitUpsideDown UIInterfaceOrientationLandscapeLeft UIInterfaceOrientationLandscapeRight";
				INFOPLIST_KEY_UISupportedInterfaceOrientations_iPhone = "UIInterfaceOrientationPortrait UIInterfaceOrientationLandscapeLeft UIInterfaceOrientationLandscapeRight";
				LD_RUNPATH_SEARCH_PATHS = (
					"$(inherited)",
					"@executable_path/Frameworks",
				);
				MARKETING_VERSION = 1.0;
				PRODUCT_BUNDLE_IDENTIFIER = "UHWO.Hackwich-2-NEW";
				PRODUCT_NAME = "$(TARGET_NAME)";
				SWIFT_EMIT_LOC_STRINGS = YES;
				SWIFT_VERSION = 5.0;
				TARGETED_DEVICE_FAMILY = "1,2";
			};
			name = Debug;
		};
		E36F8D1F2AB117B600AB8717 /* Release */ = {
			isa = XCBuildConfiguration;
			buildSettings = {
				ASSETCATALOG_COMPILER_APPICON_NAME = AppIcon;
				ASSETCATALOG_COMPILER_GLOBAL_ACCENT_COLOR_NAME = AccentColor;
				CODE_SIGN_STYLE = Automatic;
				CURRENT_PROJECT_VERSION = 1;
				DEVELOPMENT_TEAM = LUY79997TA;
				GENERATE_INFOPLIST_FILE = YES;
				INFOPLIST_FILE = Hackwich_2_NEW/Info.plist;
				INFOPLIST_KEY_UIApplicationSupportsIndirectInputEvents = YES;
				INFOPLIST_KEY_UILaunchStoryboardName = LaunchScreen;
				INFOPLIST_KEY_UIMainStoryboardFile = Main;
				INFOPLIST_KEY_UISupportedInterfaceOrientations_iPad = "UIInterfaceOrientationPortrait UIInterfaceOrientationPortraitUpsideDown UIInterfaceOrientationLandscapeLeft UIInterfaceOrientationLandscapeRight";
				INFOPLIST_KEY_UISupportedInterfaceOrientations_iPhone = "UIInterfaceOrientationPortrait UIInterfaceOrientationLandscapeLeft UIInterfaceOrientationLandscapeRight";
				LD_RUNPATH_SEARCH_PATHS = (
					"$(inherited)",
					"@executable_path/Frameworks",
				);
				MARKETING_VERSION = 1.0;
				PRODUCT_BUNDLE_IDENTIFIER = "UHWO.Hackwich-2-NEW";
				PRODUCT_NAME = "$(TARGET_NAME)";
				SWIFT_EMIT_LOC_STRINGS = YES;
				SWIFT_VERSION = 5.0;
				TARGETED_DEVICE_FAMILY = "1,2";
			};
			name = Release;
		};
		E36F8D212AB117B600AB8717 /* Debug */ = {
			isa = XCBuildConfiguration;
			buildSettings = {
				ALWAYS_EMBED_SWIFT_STANDARD_LIBRARIES = YES;
				BUNDLE_LOADER = "$(TEST_HOST)";
				CODE_SIGN_STYLE = Automatic;
				CURRENT_PROJECT_VERSION = 1;
				DEVELOPMENT_TEAM = LUY79997TA;
				GENERATE_INFOPLIST_FILE = YES;
				IPHONEOS_DEPLOYMENT_TARGET = 16.4;
				MARKETING_VERSION = 1.0;
				PRODUCT_BUNDLE_IDENTIFIER = "UHWO.Hackwich-2-NEWTests";
				PRODUCT_NAME = "$(TARGET_NAME)";
				SWIFT_EMIT_LOC_STRINGS = NO;
				SWIFT_VERSION = 5.0;
				TARGETED_DEVICE_FAMILY = "1,2";
				TEST_HOST = "$(BUILT_PRODUCTS_DIR)/Hackwich_2_NEW.app/$(BUNDLE_EXECUTABLE_FOLDER_PATH)/Hackwich_2_NEW";
			};
			name = Debug;
		};
		E36F8D222AB117B600AB8717 /* Release */ = {
			isa = XCBuildConfiguration;
			buildSettings = {
				ALWAYS_EMBED_SWIFT_STANDARD_LIBRARIES = YES;
				BUNDLE_LOADER = "$(TEST_HOST)";
				CODE_SIGN_STYLE = Automatic;
				CURRENT_PROJECT_VERSION = 1;
				DEVELOPMENT_TEAM = LUY79997TA;
				GENERATE_INFOPLIST_FILE = YES;
				IPHONEOS_DEPLOYMENT_TARGET = 16.4;
				MARKETING_VERSION = 1.0;
				PRODUCT_BUNDLE_IDENTIFIER = "UHWO.Hackwich-2-NEWTests";
				PRODUCT_NAME = "$(TARGET_NAME)";
				SWIFT_EMIT_LOC_STRINGS = NO;
				SWIFT_VERSION = 5.0;
				TARGETED_DEVICE_FAMILY = "1,2";
				TEST_HOST = "$(BUILT_PRODUCTS_DIR)/Hackwich_2_NEW.app/$(BUNDLE_EXECUTABLE_FOLDER_PATH)/Hackwich_2_NEW";
			};
			name = Release;
		};
		E36F8D242AB117B600AB8717 /* Debug */ = {
			isa = XCBuildConfiguration;
			buildSettings = {
				ALWAYS_EMBED_SWIFT_STANDARD_LIBRARIES = YES;
				CODE_SIGN_STYLE = Automatic;
				CURRENT_PROJECT_VERSION = 1;
				DEVELOPMENT_TEAM = LUY79997TA;
				GENERATE_INFOPLIST_FILE = YES;
				MARKETING_VERSION = 1.0;
				PRODUCT_BUNDLE_IDENTIFIER = "UHWO.Hackwich-2-NEWUITests";
				PRODUCT_NAME = "$(TARGET_NAME)";
				SWIFT_EMIT_LOC_STRINGS = NO;
				SWIFT_VERSION = 5.0;
				TARGETED_DEVICE_FAMILY = "1,2";
				TEST_TARGET_NAME = Hackwich_2_NEW;
			};
			name = Debug;
		};
		E36F8D252AB117B600AB8717 /* Release */ = {
			isa = XCBuildConfiguration;
			buildSettings = {
				ALWAYS_EMBED_SWIFT_STANDARD_LIBRARIES = YES;
				CODE_SIGN_STYLE = Automatic;
				CURRENT_PROJECT_VERSION = 1;
				DEVELOPMENT_TEAM = LUY79997TA;
				GENERATE_INFOPLIST_FILE = YES;
				MARKETING_VERSION = 1.0;
				PRODUCT_BUNDLE_IDENTIFIER = "UHWO.Hackwich-2-NEWUITests";
				PRODUCT_NAME = "$(TARGET_NAME)";
				SWIFT_EMIT_LOC_STRINGS = NO;
				SWIFT_VERSION = 5.0;
				TARGETED_DEVICE_FAMILY = "1,2";
				TEST_TARGET_NAME = Hackwich_2_NEW;
			};
			name = Release;
		};
/* End XCBuildConfiguration section */

/* Begin XCConfigurationList section */
		E36F8CEE2AB117B500AB8717 /* Build configuration list for PBXProject "Hackwich_2_NEW" */ = {
			isa = XCConfigurationList;
			buildConfigurations = (
				E36F8D1B2AB117B600AB8717 /* Debug */,
				E36F8D1C2AB117B600AB8717 /* Release */,
			);
			defaultConfigurationIsVisible = 0;
			defaultConfigurationName = Release;
		};
		E36F8D1D2AB117B600AB8717 /* Build configuration list for PBXNativeTarget "Hackwich_2_NEW" */ = {
			isa = XCConfigurationList;
			buildConfigurations = (
				E36F8D1E2AB117B600AB8717 /* Debug */,
				E36F8D1F2AB117B600AB8717 /* Release */,
			);
			defaultConfigurationIsVisible = 0;
			defaultConfigurationName = Release;
		};
		E36F8D202AB117B600AB8717 /* Build configuration list for PBXNativeTarget "Hackwich_2_NEWTests" */ = {
			isa = XCConfigurationList;
			buildConfigurations = (
				E36F8D212AB117B600AB8717 /* Debug */,
				E36F8D222AB117B600AB8717 /* Release */,
			);
			defaultConfigurationIsVisible = 0;
			defaultConfigurationName = Release;
		};
		E36F8D232AB117B600AB8717 /* Build configuration list for PBXNativeTarget "Hackwich_2_NEWUITests" */ = {
			isa = XCConfigurationList;
			buildConfigurations = (
				E36F8D242AB117B600AB8717 /* Debug */,
				E36F8D252AB117B600AB8717 /* Release */,
			);
			defaultConfigurationIsVisible = 0;
			defaultConfigurationName = Release;
		};
/* End XCConfigurationList section */
	};
	rootObject = E36F8CEB2AB117B500AB8717 /* Project object */;
}
